
Microsoft Visual Studio Solution File, Format Version 12.00
# Visual Studio Version 16
VisualStudioVersion = 16.0.31515.178
MinimumVisualStudioVersion = 10.0.40219.1
Project("{FAE04EC0-301F-11D3-BF4B-00C04F79EFBC}") = "MainMethodAssignment", "MainMethodAssignment.csproj", "{F137D510-6867-45F2-8DC6-BF0E80F3A88A}"
EndProject
Global
	GlobalSection(SolutionConfigurationPlatforms) = preSolution
		Debug|Any CPU = Debug|Any CPU
		Release|Any CPU = Release|Any CPU
	EndGlobalSection
	GlobalSection(ProjectConfigurationPlatforms) = postSolution
		{F137D510-6867-45F2-8DC6-BF0E80F3A88A}.Debug|Any CPU.ActiveCfg = Debug|Any CPU
		{F137D510-6867-45F2-8DC6-BF0E80F3A88A}.Debug|Any CPU.Build.0 = Debug|Any CPU
		{F137D510-6867-45F2-8DC6-BF0E80F3A88A}.Release|Any CPU.ActiveCfg = Release|Any CPU
		{F137D510-6867-45F2-8DC6-BF0E80F3A88A}.Release|Any CPU.Build.0 = Release|Any CPU
	EndGlobalSection
	GlobalSection(SolutionProperties) = preSolution
		HideSolutionNode = FALSE
	EndGlobalSection
	GlobalSection(ExtensibilityGlobals) = postSolution
		SolutionGuid = {193946C7-4310-4D2B-BEF0-45E939AC2C6A}
	EndGlobalSection
EndGlobal
