
Microsoft Visual Studio Solution File, Format Version 12.00
# Visual Studio Version 16
VisualStudioVersion = 16.0.31515.178
MinimumVisualStudioVersion = 10.0.40219.1
Project("{FAE04EC0-301F-11D3-BF4B-00C04F79EFBC}") = "MathAndComparisonsOperations", "MathAndComparisonsOperations.csproj", "{0A0524F3-2408-466E-9425-977A6EBA53B5}"
EndProject
Project("{FAE04EC0-301F-11D3-BF4B-00C04F79EFBC}") = "AnonymusIncomeComparison", "..\AnonymusIncomeComparison\AnonymusIncomeComparison.csproj", "{C5287069-4564-4C74-AE08-C7FC00D50985}"
EndProject
Global
	GlobalSection(SolutionConfigurationPlatforms) = preSolution
		Debug|Any CPU = Debug|Any CPU
		Release|Any CPU = Release|Any CPU
	EndGlobalSection
	GlobalSection(ProjectConfigurationPlatforms) = postSolution
		{0A0524F3-2408-466E-9425-977A6EBA53B5}.Debug|Any CPU.ActiveCfg = Debug|Any CPU
		{0A0524F3-2408-466E-9425-977A6EBA53B5}.Debug|Any CPU.Build.0 = Debug|Any CPU
		{0A0524F3-2408-466E-9425-977A6EBA53B5}.Release|Any CPU.ActiveCfg = Release|Any CPU
		{0A0524F3-2408-466E-9425-977A6EBA53B5}.Release|Any CPU.Build.0 = Release|Any CPU
		{C5287069-4564-4C74-AE08-C7FC00D50985}.Debug|Any CPU.ActiveCfg = Debug|Any CPU
		{C5287069-4564-4C74-AE08-C7FC00D50985}.Debug|Any CPU.Build.0 = Debug|Any CPU
		{C5287069-4564-4C74-AE08-C7FC00D50985}.Release|Any CPU.ActiveCfg = Release|Any CPU
		{C5287069-4564-4C74-AE08-C7FC00D50985}.Release|Any CPU.Build.0 = Release|Any CPU
	EndGlobalSection
	GlobalSection(SolutionProperties) = preSolution
		HideSolutionNode = FALSE
	EndGlobalSection
	GlobalSection(ExtensibilityGlobals) = postSolution
		SolutionGuid = {75BB0CB1-FAEA-460A-8A3A-859F79B13281}
	EndGlobalSection
EndGlobal
