
Microsoft Visual Studio Solution File, Format Version 12.00
# Visual Studio Version 16
VisualStudioVersion = 16.0.31515.178
MinimumVisualStudioVersion = 10.0.40219.1
Project("{FAE04EC0-301F-11D3-BF4B-00C04F79EFBC}") = "BooleanLogic", "BooleanLogic.csproj", "{E41694CF-7B4C-4978-B66E-AC737D1189B5}"
EndProject
Global
	GlobalSection(SolutionConfigurationPlatforms) = preSolution
		Debug|Any CPU = Debug|Any CPU
		Release|Any CPU = Release|Any CPU
	EndGlobalSection
	GlobalSection(ProjectConfigurationPlatforms) = postSolution
		{E41694CF-7B4C-4978-B66E-AC737D1189B5}.Debug|Any CPU.ActiveCfg = Debug|Any CPU
		{E41694CF-7B4C-4978-B66E-AC737D1189B5}.Debug|Any CPU.Build.0 = Debug|Any CPU
		{E41694CF-7B4C-4978-B66E-AC737D1189B5}.Release|Any CPU.ActiveCfg = Release|Any CPU
		{E41694CF-7B4C-4978-B66E-AC737D1189B5}.Release|Any CPU.Build.0 = Release|Any CPU
	EndGlobalSection
	GlobalSection(SolutionProperties) = preSolution
		HideSolutionNode = FALSE
	EndGlobalSection
	GlobalSection(ExtensibilityGlobals) = postSolution
		SolutionGuid = {9B7CD219-BA22-48E3-B463-C0B9BB3B71EF}
	EndGlobalSection
EndGlobal
